
Microsoft Visual Studio Solution File, Format Version 12.00
# Visual Studio 15
Project("{FAE04EC0-301F-11D3-BF4B-00C04F79EFBC}") = "VuforiaScripts", "VuforiaScripts.csproj", "{FF6D251D-B1C4-D562-FC28-9F9E9394AB74}"
EndProject
Project("{FAE04EC0-301F-11D3-BF4B-00C04F79EFBC}") = "Assembly-CSharp", "Assembly-CSharp.csproj", "{E3B3CB44-4AA0-46AA-76BE-3BB55B4F7BF4}"
EndProject
Project("{FAE04EC0-301F-11D3-BF4B-00C04F79EFBC}") = "VuforiaEditorScripts", "VuforiaEditorScripts.csproj", "{338A8775-358B-BF69-94A8-A27D90A1CA43}"
EndProject
Global
	GlobalSection(SolutionConfigurationPlatforms) = preSolution
		Debug|Any CPU = Debug|Any CPU
		Release|Any CPU = Release|Any CPU
	EndGlobalSection
	GlobalSection(ProjectConfigurationPlatforms) = postSolution
		{FF6D251D-B1C4-D562-FC28-9F9E9394AB74}.Debug|Any CPU.ActiveCfg = Debug|Any CPU
		{FF6D251D-B1C4-D562-FC28-9F9E9394AB74}.Debug|Any CPU.Build.0 = Debug|Any CPU
		{FF6D251D-B1C4-D562-FC28-9F9E9394AB74}.Release|Any CPU.ActiveCfg = Release|Any CPU
		{FF6D251D-B1C4-D562-FC28-9F9E9394AB74}.Release|Any CPU.Build.0 = Release|Any CPU
		{E3B3CB44-4AA0-46AA-76BE-3BB55B4F7BF4}.Debug|Any CPU.ActiveCfg = Debug|Any CPU
		{E3B3CB44-4AA0-46AA-76BE-3BB55B4F7BF4}.Debug|Any CPU.Build.0 = Debug|Any CPU
		{E3B3CB44-4AA0-46AA-76BE-3BB55B4F7BF4}.Release|Any CPU.ActiveCfg = Release|Any CPU
		{E3B3CB44-4AA0-46AA-76BE-3BB55B4F7BF4}.Release|Any CPU.Build.0 = Release|Any CPU
		{338A8775-358B-BF69-94A8-A27D90A1CA43}.Debug|Any CPU.ActiveCfg = Debug|Any CPU
		{338A8775-358B-BF69-94A8-A27D90A1CA43}.Debug|Any CPU.Build.0 = Debug|Any CPU
		{338A8775-358B-BF69-94A8-A27D90A1CA43}.Release|Any CPU.ActiveCfg = Release|Any CPU
		{338A8775-358B-BF69-94A8-A27D90A1CA43}.Release|Any CPU.Build.0 = Release|Any CPU
	EndGlobalSection
	GlobalSection(SolutionProperties) = preSolution
		HideSolutionNode = FALSE
	EndGlobalSection
EndGlobal
